
Microsoft Visual Studio Solution File, Format Version 12.00
# Visual Studio Version 17
VisualStudioVersion = 17.6.33801.468
MinimumVisualStudioVersion = 10.0.40219.1
Project("{FAE04EC0-301F-11D3-BF4B-00C04F79EFBC}") = "ApiTarefas", "ApiTarefas\ApiTarefas.csproj", "{1971DBB4-8704-4554-AF68-6204D06E154F}"
EndProject
Global
	GlobalSection(SolutionConfigurationPlatforms) = preSolution
		Debug|Any CPU = Debug|Any CPU
		Release|Any CPU = Release|Any CPU
	EndGlobalSection
	GlobalSection(ProjectConfigurationPlatforms) = postSolution
		{1971DBB4-8704-4554-AF68-6204D06E154F}.Debug|Any CPU.ActiveCfg = Debug|Any CPU
		{1971DBB4-8704-4554-AF68-6204D06E154F}.Debug|Any CPU.Build.0 = Debug|Any CPU
		{1971DBB4-8704-4554-AF68-6204D06E154F}.Release|Any CPU.ActiveCfg = Release|Any CPU
		{1971DBB4-8704-4554-AF68-6204D06E154F}.Release|Any CPU.Build.0 = Release|Any CPU
	EndGlobalSection
	GlobalSection(SolutionProperties) = preSolution
		HideSolutionNode = FALSE
	EndGlobalSection
	GlobalSection(ExtensibilityGlobals) = postSolution
		SolutionGuid = {4E5A6E2B-C3FF-47B1-B228-8162CB1297B0}
	EndGlobalSection
EndGlobal
